
Microsoft Visual Studio Solution File, Format Version 12.00
Project("{FAE04EC0-301F-11D3-BF4B-00C04F79EFBC}") = "Sofc.TwitchStats.Api", "Sofc.TwitchStats.Api\Sofc.TwitchStats.Api.csproj", "{38345F27-CEE7-4565-BCE0-D3116B89A0E3}"
EndProject
Global
	GlobalSection(SolutionConfigurationPlatforms) = preSolution
		Debug|Any CPU = Debug|Any CPU
		Release|Any CPU = Release|Any CPU
	EndGlobalSection
	GlobalSection(ProjectConfigurationPlatforms) = postSolution
		{38345F27-CEE7-4565-BCE0-D3116B89A0E3}.Debug|Any CPU.ActiveCfg = Debug|Any CPU
		{38345F27-CEE7-4565-BCE0-D3116B89A0E3}.Debug|Any CPU.Build.0 = Debug|Any CPU
		{38345F27-CEE7-4565-BCE0-D3116B89A0E3}.Release|Any CPU.ActiveCfg = Release|Any CPU
		{38345F27-CEE7-4565-BCE0-D3116B89A0E3}.Release|Any CPU.Build.0 = Release|Any CPU
	EndGlobalSection
EndGlobal
